
Microsoft Visual Studio Solution File, Format Version 12.00
# Visual Studio Version 16
VisualStudioVersion = 16.0.30517.126
MinimumVisualStudioVersion = 10.0.40219.1
Project("{2150E333-8FDC-42A3-9474-1A3956D46DE8}") = "Recursion and Backtracking - Lab", "Recursion and Backtracking - Lab", "{4308ADC5-FE7B-46EA-B5F1-EF9E58751DC4}"
EndProject
Project("{9A19103F-16F7-4668-BE54-9A1E7A4F7556}") = "RecursiveArraySum", "Recursion and Backtracking - Lab\RecursiveArraySum\RecursiveArraySum.csproj", "{7232E435-1597-45AE-BE70-A2F00CD5C1EF}"
EndProject
Project("{9A19103F-16F7-4668-BE54-9A1E7A4F7556}") = "RecursiveFactorial", "Recursion and Backtracking - Lab\RecursiveFactorial\RecursiveFactorial\RecursiveFactorial.csproj", "{AD571DCC-82AC-44B5-8446-BE7130EEE2AA}"
EndProject
Project("{9A19103F-16F7-4668-BE54-9A1E7A4F7556}") = "RecursiveDrawing", "Recursion and Backtracking - Lab\RecursiveDrawing\RecursiveDrawing\RecursiveDrawing.csproj", "{8C7C1FD9-BD16-4E61-942B-132E1CA1199D}"
EndProject
Project("{9A19103F-16F7-4668-BE54-9A1E7A4F7556}") = "Generate01Vectors", "Recursion and Backtracking - Lab\Generate01Vectors\Generate01Vectors\Generate01Vectors.csproj", "{F2C45001-6CA8-4DC8-BF53-8530F8ECC913}"
EndProject
Project("{9A19103F-16F7-4668-BE54-9A1E7A4F7556}") = "PathsInLabyrinth", "Recursion and Backtracking - Lab\PathsInLabyrinth\PathsInLabyrinth\PathsInLabyrinth.csproj", "{7519F5D1-76BD-447E-9D48-70AF59A862F2}"
EndProject
Project("{9A19103F-16F7-4668-BE54-9A1E7A4F7556}") = "RecursiveFibonacci", "Recursion and Backtracking - Lab\RecursiveFibonacci\RecursiveFibonacci\RecursiveFibonacci.csproj", "{66D2DFC0-7C99-4D6F-A0AB-A98A340CCFA4}"
EndProject
Project("{9A19103F-16F7-4668-BE54-9A1E7A4F7556}") = "QueensPuzzle", "Recursion and Backtracking - Lab\QueensPuzzle\QueensPuzzle\QueensPuzzle.csproj", "{54812DF9-85CD-427B-AC3A-DDEA6E73603A}"
EndProject
Project("{2150E333-8FDC-42A3-9474-1A3956D46DE8}") = "Combinatorial Problems", "Combinatorial Problems", "{C71EDC8E-55BC-4A1F-A3CF-188B10B8D2B9}"
EndProject
Project("{9A19103F-16F7-4668-BE54-9A1E7A4F7556}") = "PermutationsWithoutRepetition", "CombinatorialProblems\PermutationsWithoutRepetition\PermutationsWithoutRepetition.csproj", "{C0C8B3EE-5785-4F3F-A1D7-4358DA6E7FC4}"
EndProject
Project("{9A19103F-16F7-4668-BE54-9A1E7A4F7556}") = "PermutationsWithRepetition", "CombinatorialProblems\PermutationsWithRepetition\PermutationsWithRepetition\PermutationsWithRepetition.csproj", "{DB2C854A-E96E-4C86-A0CA-E91BDAB59127}"
EndProject
Project("{9A19103F-16F7-4668-BE54-9A1E7A4F7556}") = "VariationsWithoutRepetition", "CombinatorialProblems\VariationsWithoutRepetition\VariationsWithoutRepetition\VariationsWithoutRepetition.csproj", "{07E8B61F-777D-46BB-A976-74C4E1A6D246}"
EndProject
Project("{9A19103F-16F7-4668-BE54-9A1E7A4F7556}") = "VariationsWithRepetition", "CombinatorialProblems\VariationsWithRepetition\VariationsWithRepetition\VariationsWithRepetition.csproj", "{C9F2B763-61AC-447A-A021-709436C8FF7C}"
EndProject
Project("{9A19103F-16F7-4668-BE54-9A1E7A4F7556}") = "CombinationsWithoutRepetition", "CombinatorialProblems\CombinationsWithoutRepetition\CombinationsWithoutRepetition\CombinationsWithoutRepetition.csproj", "{3D7DD653-7A0C-4DD9-A5DE-18025FA8AA23}"
EndProject
Project("{9A19103F-16F7-4668-BE54-9A1E7A4F7556}") = "CombinationsWithRepetition", "CombinatorialProblems\CombinationsWithRepetition\CombinationsWithRepetition\CombinationsWithRepetition.csproj", "{126D750D-8D6E-4FCF-8E8A-FA05515F4F76}"
EndProject
Project("{9A19103F-16F7-4668-BE54-9A1E7A4F7556}") = "NChooseKCount", "CombinatorialProblems\NChooseKCount\NChooseKCount\NChooseKCount.csproj", "{34617F56-B1C8-4B84-A95D-615C2AACDD56}"
EndProject
Project("{2150E333-8FDC-42A3-9474-1A3956D46DE8}") = "RecursionandCombinatorialProblems", "RecursionandCombinatorialProblems", "{91B8585C-084E-4EC5-AA31-30685DB47093}"
EndProject
Project("{9A19103F-16F7-4668-BE54-9A1E7A4F7556}") = "ReverseArray", "RecursionandCombinatorialProblems\ReverseArray\ReverseArray.csproj", "{4646474F-C992-43FB-A005-3F3D15AD7BC4}"
EndProject
Project("{9A19103F-16F7-4668-BE54-9A1E7A4F7556}") = "ReverseArrayWithRecursion", "RecursionandCombinatorialProblems\ReverseArrayWithRecursion\ReverseArrayWithRecursion\ReverseArrayWithRecursion.csproj", "{05EFD989-AA9F-44CC-8FA3-654F2FA844B0}"
EndProject
Project("{9A19103F-16F7-4668-BE54-9A1E7A4F7556}") = "NestedLoopsToRecursion", "RecursionandCombinatorialProblems\NestedLoopToRecursion\NestedLoopsToRecursion\NestedLoopsToRecursion.csproj", "{7B65AD8E-FFFC-4AE8-88B7-4B3F82C82BC7}"
EndProject
Project("{9A19103F-16F7-4668-BE54-9A1E7A4F7556}") = "CombinationsWithRepetitions", "RecursionandCombinatorialProblems\CombinationsWithRepetition\CombinationsWithRepetitions\CombinationsWithRepetitions.csproj", "{EF77193F-2CCD-4D37-8CF6-8849A228092A}"
EndProject
Project("{9A19103F-16F7-4668-BE54-9A1E7A4F7556}") = "CombinationsWithoutRepetitions", "RecursionandCombinatorialProblems\CombinationsWithoutRepetition\CombinationsWithoutRepetitions\CombinationsWithoutRepetitions.csproj", "{C423C220-75D2-44A8-A4D5-3E9F34052E69}"
EndProject
Project("{9A19103F-16F7-4668-BE54-9A1E7A4F7556}") = "Cinema", "RecursionandCombinatorialProblems\Cinema\Cinema\Cinema.csproj", "{E4C2353C-E866-4197-A13B-3486E1BB2305}"
EndProject
Project("{9A19103F-16F7-4668-BE54-9A1E7A4F7556}") = "SchoolTeams", "RecursionandCombinatorialProblems\SchoolTeams\SchoolTeams\SchoolTeams.csproj", "{59E407E9-E8A5-4A5E-83A4-9D113CA21053}"
EndProject
Project("{2150E333-8FDC-42A3-9474-1A3956D46DE8}") = "SearchingSortingAndGreedy", "SearchingSortingAndGreedy", "{BD8AC141-4D3C-4263-93D4-286E2B3A0EAB}"
EndProject
Project("{9A19103F-16F7-4668-BE54-9A1E7A4F7556}") = "BinarySearch", "SearchingSortingGreedyAlgorithms\BinarySearch\BinarySearch.csproj", "{635CB0BA-BB75-49BC-BA86-582F0C170D3D}"
EndProject
Project("{9A19103F-16F7-4668-BE54-9A1E7A4F7556}") = "SelectionSort", "SearchingSortingGreedyAlgorithms\SelectionSort\SelectionSort.csproj", "{E04CACBA-FE39-4AD4-817B-ED4DF9FA08E7}"
EndProject
Project("{FAE04EC0-301F-11D3-BF4B-00C04F79EFBC}") = "BubbleSort", "BubbleSort\BubbleSort.csproj", "{99107E02-2FCA-45B9-9C5E-513F36CBB154}"
EndProject
Project("{9A19103F-16F7-4668-BE54-9A1E7A4F7556}") = "InsertionSort", "SearchingSortingGreedyAlgorithms\InsertionSort\InsertionSort.csproj", "{64872C45-BA61-4973-A7B1-19586B19EFEE}"
EndProject
Project("{9A19103F-16F7-4668-BE54-9A1E7A4F7556}") = "QuickSort", "SearchingSortingGreedyAlgorithms\QuickSort\QuickSort.csproj", "{D351156D-46D2-436F-86BF-77959EF33DBE}"
EndProject
Project("{9A19103F-16F7-4668-BE54-9A1E7A4F7556}") = "MergeSort", "SearchingSortingGreedyAlgorithms\MergeSort\MergeSort.csproj", "{B451DA27-14EF-4B9F-B67F-430566C499D7}"
EndProject
Project("{9A19103F-16F7-4668-BE54-9A1E7A4F7556}") = "SumOfCoins", "SearchingSortingGreedyAlgorithms\SumOfCoins\SumOfCoins.csproj", "{0D83FB5D-B515-4065-B329-B25500107445}"
EndProject
Project("{2150E333-8FDC-42A3-9474-1A3956D46DE8}") = "GraphTheory", "GraphTheory", "{1A640699-9CCC-4273-B737-01395AAE9CD0}"
EndProject
Project("{FAE04EC0-301F-11D3-BF4B-00C04F79EFBC}") = "DFS", "GraphTheory\DFS\DFS.csproj", "{911FCBD9-74D7-41D0-B23D-40FBCF6B20B0}"
EndProject
Project("{FAE04EC0-301F-11D3-BF4B-00C04F79EFBC}") = "BFS", "GraphTheory\BFS\BFS.csproj", "{B4DB0487-D73F-463A-B47C-48E0AF12A559}"
EndProject
Global
	GlobalSection(SolutionConfigurationPlatforms) = preSolution
		Debug|Any CPU = Debug|Any CPU
		Release|Any CPU = Release|Any CPU
	EndGlobalSection
	GlobalSection(ProjectConfigurationPlatforms) = postSolution
		{7232E435-1597-45AE-BE70-A2F00CD5C1EF}.Debug|Any CPU.ActiveCfg = Debug|Any CPU
		{7232E435-1597-45AE-BE70-A2F00CD5C1EF}.Debug|Any CPU.Build.0 = Debug|Any CPU
		{7232E435-1597-45AE-BE70-A2F00CD5C1EF}.Release|Any CPU.ActiveCfg = Release|Any CPU
		{7232E435-1597-45AE-BE70-A2F00CD5C1EF}.Release|Any CPU.Build.0 = Release|Any CPU
		{AD571DCC-82AC-44B5-8446-BE7130EEE2AA}.Debug|Any CPU.ActiveCfg = Debug|Any CPU
		{AD571DCC-82AC-44B5-8446-BE7130EEE2AA}.Debug|Any CPU.Build.0 = Debug|Any CPU
		{AD571DCC-82AC-44B5-8446-BE7130EEE2AA}.Release|Any CPU.ActiveCfg = Release|Any CPU
		{AD571DCC-82AC-44B5-8446-BE7130EEE2AA}.Release|Any CPU.Build.0 = Release|Any CPU
		{8C7C1FD9-BD16-4E61-942B-132E1CA1199D}.Debug|Any CPU.ActiveCfg = Debug|Any CPU
		{8C7C1FD9-BD16-4E61-942B-132E1CA1199D}.Debug|Any CPU.Build.0 = Debug|Any CPU
		{8C7C1FD9-BD16-4E61-942B-132E1CA1199D}.Release|Any CPU.ActiveCfg = Release|Any CPU
		{8C7C1FD9-BD16-4E61-942B-132E1CA1199D}.Release|Any CPU.Build.0 = Release|Any CPU
		{F2C45001-6CA8-4DC8-BF53-8530F8ECC913}.Debug|Any CPU.ActiveCfg = Debug|Any CPU
		{F2C45001-6CA8-4DC8-BF53-8530F8ECC913}.Debug|Any CPU.Build.0 = Debug|Any CPU
		{F2C45001-6CA8-4DC8-BF53-8530F8ECC913}.Release|Any CPU.ActiveCfg = Release|Any CPU
		{F2C45001-6CA8-4DC8-BF53-8530F8ECC913}.Release|Any CPU.Build.0 = Release|Any CPU
		{7519F5D1-76BD-447E-9D48-70AF59A862F2}.Debug|Any CPU.ActiveCfg = Debug|Any CPU
		{7519F5D1-76BD-447E-9D48-70AF59A862F2}.Debug|Any CPU.Build.0 = Debug|Any CPU
		{7519F5D1-76BD-447E-9D48-70AF59A862F2}.Release|Any CPU.ActiveCfg = Release|Any CPU
		{7519F5D1-76BD-447E-9D48-70AF59A862F2}.Release|Any CPU.Build.0 = Release|Any CPU
		{66D2DFC0-7C99-4D6F-A0AB-A98A340CCFA4}.Debug|Any CPU.ActiveCfg = Debug|Any CPU
		{66D2DFC0-7C99-4D6F-A0AB-A98A340CCFA4}.Debug|Any CPU.Build.0 = Debug|Any CPU
		{66D2DFC0-7C99-4D6F-A0AB-A98A340CCFA4}.Release|Any CPU.ActiveCfg = Release|Any CPU
		{66D2DFC0-7C99-4D6F-A0AB-A98A340CCFA4}.Release|Any CPU.Build.0 = Release|Any CPU
		{54812DF9-85CD-427B-AC3A-DDEA6E73603A}.Debug|Any CPU.ActiveCfg = Debug|Any CPU
		{54812DF9-85CD-427B-AC3A-DDEA6E73603A}.Debug|Any CPU.Build.0 = Debug|Any CPU
		{54812DF9-85CD-427B-AC3A-DDEA6E73603A}.Release|Any CPU.ActiveCfg = Release|Any CPU
		{54812DF9-85CD-427B-AC3A-DDEA6E73603A}.Release|Any CPU.Build.0 = Release|Any CPU
		{C0C8B3EE-5785-4F3F-A1D7-4358DA6E7FC4}.Debug|Any CPU.ActiveCfg = Debug|Any CPU
		{C0C8B3EE-5785-4F3F-A1D7-4358DA6E7FC4}.Debug|Any CPU.Build.0 = Debug|Any CPU
		{C0C8B3EE-5785-4F3F-A1D7-4358DA6E7FC4}.Release|Any CPU.ActiveCfg = Release|Any CPU
		{C0C8B3EE-5785-4F3F-A1D7-4358DA6E7FC4}.Release|Any CPU.Build.0 = Release|Any CPU
		{DB2C854A-E96E-4C86-A0CA-E91BDAB59127}.Debug|Any CPU.ActiveCfg = Debug|Any CPU
		{DB2C854A-E96E-4C86-A0CA-E91BDAB59127}.Debug|Any CPU.Build.0 = Debug|Any CPU
		{DB2C854A-E96E-4C86-A0CA-E91BDAB59127}.Release|Any CPU.ActiveCfg = Release|Any CPU
		{DB2C854A-E96E-4C86-A0CA-E91BDAB59127}.Release|Any CPU.Build.0 = Release|Any CPU
		{07E8B61F-777D-46BB-A976-74C4E1A6D246}.Debug|Any CPU.ActiveCfg = Debug|Any CPU
		{07E8B61F-777D-46BB-A976-74C4E1A6D246}.Debug|Any CPU.Build.0 = Debug|Any CPU
		{07E8B61F-777D-46BB-A976-74C4E1A6D246}.Release|Any CPU.ActiveCfg = Release|Any CPU
		{07E8B61F-777D-46BB-A976-74C4E1A6D246}.Release|Any CPU.Build.0 = Release|Any CPU
		{C9F2B763-61AC-447A-A021-709436C8FF7C}.Debug|Any CPU.ActiveCfg = Debug|Any CPU
		{C9F2B763-61AC-447A-A021-709436C8FF7C}.Debug|Any CPU.Build.0 = Debug|Any CPU
		{C9F2B763-61AC-447A-A021-709436C8FF7C}.Release|Any CPU.ActiveCfg = Release|Any CPU
		{C9F2B763-61AC-447A-A021-709436C8FF7C}.Release|Any CPU.Build.0 = Release|Any CPU
		{3D7DD653-7A0C-4DD9-A5DE-18025FA8AA23}.Debug|Any CPU.ActiveCfg = Debug|Any CPU
		{3D7DD653-7A0C-4DD9-A5DE-18025FA8AA23}.Debug|Any CPU.Build.0 = Debug|Any CPU
		{3D7DD653-7A0C-4DD9-A5DE-18025FA8AA23}.Release|Any CPU.ActiveCfg = Release|Any CPU
		{3D7DD653-7A0C-4DD9-A5DE-18025FA8AA23}.Release|Any CPU.Build.0 = Release|Any CPU
		{126D750D-8D6E-4FCF-8E8A-FA05515F4F76}.Debug|Any CPU.ActiveCfg = Debug|Any CPU
		{126D750D-8D6E-4FCF-8E8A-FA05515F4F76}.Debug|Any CPU.Build.0 = Debug|Any CPU
		{126D750D-8D6E-4FCF-8E8A-FA05515F4F76}.Release|Any CPU.ActiveCfg = Release|Any CPU
		{126D750D-8D6E-4FCF-8E8A-FA05515F4F76}.Release|Any CPU.Build.0 = Release|Any CPU
		{34617F56-B1C8-4B84-A95D-615C2AACDD56}.Debug|Any CPU.ActiveCfg = Debug|Any CPU
		{34617F56-B1C8-4B84-A95D-615C2AACDD56}.Debug|Any CPU.Build.0 = Debug|Any CPU
		{34617F56-B1C8-4B84-A95D-615C2AACDD56}.Release|Any CPU.ActiveCfg = Release|Any CPU
		{34617F56-B1C8-4B84-A95D-615C2AACDD56}.Release|Any CPU.Build.0 = Release|Any CPU
		{4646474F-C992-43FB-A005-3F3D15AD7BC4}.Debug|Any CPU.ActiveCfg = Debug|Any CPU
		{4646474F-C992-43FB-A005-3F3D15AD7BC4}.Debug|Any CPU.Build.0 = Debug|Any CPU
		{4646474F-C992-43FB-A005-3F3D15AD7BC4}.Release|Any CPU.ActiveCfg = Release|Any CPU
		{4646474F-C992-43FB-A005-3F3D15AD7BC4}.Release|Any CPU.Build.0 = Release|Any CPU
		{05EFD989-AA9F-44CC-8FA3-654F2FA844B0}.Debug|Any CPU.ActiveCfg = Debug|Any CPU
		{05EFD989-AA9F-44CC-8FA3-654F2FA844B0}.Debug|Any CPU.Build.0 = Debug|Any CPU
		{05EFD989-AA9F-44CC-8FA3-654F2FA844B0}.Release|Any CPU.ActiveCfg = Release|Any CPU
		{05EFD989-AA9F-44CC-8FA3-654F2FA844B0}.Release|Any CPU.Build.0 = Release|Any CPU
		{7B65AD8E-FFFC-4AE8-88B7-4B3F82C82BC7}.Debug|Any CPU.ActiveCfg = Debug|Any CPU
		{7B65AD8E-FFFC-4AE8-88B7-4B3F82C82BC7}.Debug|Any CPU.Build.0 = Debug|Any CPU
		{7B65AD8E-FFFC-4AE8-88B7-4B3F82C82BC7}.Release|Any CPU.ActiveCfg = Release|Any CPU
		{7B65AD8E-FFFC-4AE8-88B7-4B3F82C82BC7}.Release|Any CPU.Build.0 = Release|Any CPU
		{EF77193F-2CCD-4D37-8CF6-8849A228092A}.Debug|Any CPU.ActiveCfg = Debug|Any CPU
		{EF77193F-2CCD-4D37-8CF6-8849A228092A}.Debug|Any CPU.Build.0 = Debug|Any CPU
		{EF77193F-2CCD-4D37-8CF6-8849A228092A}.Release|Any CPU.ActiveCfg = Release|Any CPU
		{EF77193F-2CCD-4D37-8CF6-8849A228092A}.Release|Any CPU.Build.0 = Release|Any CPU
		{C423C220-75D2-44A8-A4D5-3E9F34052E69}.Debug|Any CPU.ActiveCfg = Debug|Any CPU
		{C423C220-75D2-44A8-A4D5-3E9F34052E69}.Debug|Any CPU.Build.0 = Debug|Any CPU
		{C423C220-75D2-44A8-A4D5-3E9F34052E69}.Release|Any CPU.ActiveCfg = Release|Any CPU
		{C423C220-75D2-44A8-A4D5-3E9F34052E69}.Release|Any CPU.Build.0 = Release|Any CPU
		{E4C2353C-E866-4197-A13B-3486E1BB2305}.Debug|Any CPU.ActiveCfg = Debug|Any CPU
		{E4C2353C-E866-4197-A13B-3486E1BB2305}.Debug|Any CPU.Build.0 = Debug|Any CPU
		{E4C2353C-E866-4197-A13B-3486E1BB2305}.Release|Any CPU.ActiveCfg = Release|Any CPU
		{E4C2353C-E866-4197-A13B-3486E1BB2305}.Release|Any CPU.Build.0 = Release|Any CPU
		{59E407E9-E8A5-4A5E-83A4-9D113CA21053}.Debug|Any CPU.ActiveCfg = Debug|Any CPU
		{59E407E9-E8A5-4A5E-83A4-9D113CA21053}.Debug|Any CPU.Build.0 = Debug|Any CPU
		{59E407E9-E8A5-4A5E-83A4-9D113CA21053}.Release|Any CPU.ActiveCfg = Release|Any CPU
		{59E407E9-E8A5-4A5E-83A4-9D113CA21053}.Release|Any CPU.Build.0 = Release|Any CPU
		{635CB0BA-BB75-49BC-BA86-582F0C170D3D}.Debug|Any CPU.ActiveCfg = Debug|Any CPU
		{635CB0BA-BB75-49BC-BA86-582F0C170D3D}.Debug|Any CPU.Build.0 = Debug|Any CPU
		{635CB0BA-BB75-49BC-BA86-582F0C170D3D}.Release|Any CPU.ActiveCfg = Release|Any CPU
		{635CB0BA-BB75-49BC-BA86-582F0C170D3D}.Release|Any CPU.Build.0 = Release|Any CPU
		{E04CACBA-FE39-4AD4-817B-ED4DF9FA08E7}.Debug|Any CPU.ActiveCfg = Debug|Any CPU
		{E04CACBA-FE39-4AD4-817B-ED4DF9FA08E7}.Debug|Any CPU.Build.0 = Debug|Any CPU
		{E04CACBA-FE39-4AD4-817B-ED4DF9FA08E7}.Release|Any CPU.ActiveCfg = Release|Any CPU
		{E04CACBA-FE39-4AD4-817B-ED4DF9FA08E7}.Release|Any CPU.Build.0 = Release|Any CPU
		{99107E02-2FCA-45B9-9C5E-513F36CBB154}.Debug|Any CPU.ActiveCfg = Debug|Any CPU
		{99107E02-2FCA-45B9-9C5E-513F36CBB154}.Debug|Any CPU.Build.0 = Debug|Any CPU
		{99107E02-2FCA-45B9-9C5E-513F36CBB154}.Release|Any CPU.ActiveCfg = Release|Any CPU
		{99107E02-2FCA-45B9-9C5E-513F36CBB154}.Release|Any CPU.Build.0 = Release|Any CPU
		{64872C45-BA61-4973-A7B1-19586B19EFEE}.Debug|Any CPU.ActiveCfg = Debug|Any CPU
		{64872C45-BA61-4973-A7B1-19586B19EFEE}.Debug|Any CPU.Build.0 = Debug|Any CPU
		{64872C45-BA61-4973-A7B1-19586B19EFEE}.Release|Any CPU.ActiveCfg = Release|Any CPU
		{64872C45-BA61-4973-A7B1-19586B19EFEE}.Release|Any CPU.Build.0 = Release|Any CPU
		{D351156D-46D2-436F-86BF-77959EF33DBE}.Debug|Any CPU.ActiveCfg = Debug|Any CPU
		{D351156D-46D2-436F-86BF-77959EF33DBE}.Debug|Any CPU.Build.0 = Debug|Any CPU
		{D351156D-46D2-436F-86BF-77959EF33DBE}.Release|Any CPU.ActiveCfg = Release|Any CPU
		{D351156D-46D2-436F-86BF-77959EF33DBE}.Release|Any CPU.Build.0 = Release|Any CPU
		{B451DA27-14EF-4B9F-B67F-430566C499D7}.Debug|Any CPU.ActiveCfg = Debug|Any CPU
		{B451DA27-14EF-4B9F-B67F-430566C499D7}.Debug|Any CPU.Build.0 = Debug|Any CPU
		{B451DA27-14EF-4B9F-B67F-430566C499D7}.Release|Any CPU.ActiveCfg = Release|Any CPU
		{B451DA27-14EF-4B9F-B67F-430566C499D7}.Release|Any CPU.Build.0 = Release|Any CPU
		{0D83FB5D-B515-4065-B329-B25500107445}.Debug|Any CPU.ActiveCfg = Debug|Any CPU
		{0D83FB5D-B515-4065-B329-B25500107445}.Debug|Any CPU.Build.0 = Debug|Any CPU
		{0D83FB5D-B515-4065-B329-B25500107445}.Release|Any CPU.ActiveCfg = Release|Any CPU
		{0D83FB5D-B515-4065-B329-B25500107445}.Release|Any CPU.Build.0 = Release|Any CPU
		{911FCBD9-74D7-41D0-B23D-40FBCF6B20B0}.Debug|Any CPU.ActiveCfg = Debug|Any CPU
		{911FCBD9-74D7-41D0-B23D-40FBCF6B20B0}.Debug|Any CPU.Build.0 = Debug|Any CPU
		{911FCBD9-74D7-41D0-B23D-40FBCF6B20B0}.Release|Any CPU.ActiveCfg = Release|Any CPU
		{911FCBD9-74D7-41D0-B23D-40FBCF6B20B0}.Release|Any CPU.Build.0 = Release|Any CPU
		{B4DB0487-D73F-463A-B47C-48E0AF12A559}.Debug|Any CPU.ActiveCfg = Debug|Any CPU
		{B4DB0487-D73F-463A-B47C-48E0AF12A559}.Debug|Any CPU.Build.0 = Debug|Any CPU
		{B4DB0487-D73F-463A-B47C-48E0AF12A559}.Release|Any CPU.ActiveCfg = Release|Any CPU
		{B4DB0487-D73F-463A-B47C-48E0AF12A559}.Release|Any CPU.Build.0 = Release|Any CPU
	EndGlobalSection
	GlobalSection(SolutionProperties) = preSolution
		HideSolutionNode = FALSE
	EndGlobalSection
	GlobalSection(NestedProjects) = preSolution
		{7232E435-1597-45AE-BE70-A2F00CD5C1EF} = {4308ADC5-FE7B-46EA-B5F1-EF9E58751DC4}
		{AD571DCC-82AC-44B5-8446-BE7130EEE2AA} = {4308ADC5-FE7B-46EA-B5F1-EF9E58751DC4}
		{8C7C1FD9-BD16-4E61-942B-132E1CA1199D} = {4308ADC5-FE7B-46EA-B5F1-EF9E58751DC4}
		{F2C45001-6CA8-4DC8-BF53-8530F8ECC913} = {4308ADC5-FE7B-46EA-B5F1-EF9E58751DC4}
		{7519F5D1-76BD-447E-9D48-70AF59A862F2} = {4308ADC5-FE7B-46EA-B5F1-EF9E58751DC4}
		{66D2DFC0-7C99-4D6F-A0AB-A98A340CCFA4} = {4308ADC5-FE7B-46EA-B5F1-EF9E58751DC4}
		{54812DF9-85CD-427B-AC3A-DDEA6E73603A} = {4308ADC5-FE7B-46EA-B5F1-EF9E58751DC4}
		{C0C8B3EE-5785-4F3F-A1D7-4358DA6E7FC4} = {C71EDC8E-55BC-4A1F-A3CF-188B10B8D2B9}
		{DB2C854A-E96E-4C86-A0CA-E91BDAB59127} = {C71EDC8E-55BC-4A1F-A3CF-188B10B8D2B9}
		{07E8B61F-777D-46BB-A976-74C4E1A6D246} = {C71EDC8E-55BC-4A1F-A3CF-188B10B8D2B9}
		{C9F2B763-61AC-447A-A021-709436C8FF7C} = {C71EDC8E-55BC-4A1F-A3CF-188B10B8D2B9}
		{3D7DD653-7A0C-4DD9-A5DE-18025FA8AA23} = {C71EDC8E-55BC-4A1F-A3CF-188B10B8D2B9}
		{126D750D-8D6E-4FCF-8E8A-FA05515F4F76} = {C71EDC8E-55BC-4A1F-A3CF-188B10B8D2B9}
		{34617F56-B1C8-4B84-A95D-615C2AACDD56} = {C71EDC8E-55BC-4A1F-A3CF-188B10B8D2B9}
		{4646474F-C992-43FB-A005-3F3D15AD7BC4} = {91B8585C-084E-4EC5-AA31-30685DB47093}
		{05EFD989-AA9F-44CC-8FA3-654F2FA844B0} = {91B8585C-084E-4EC5-AA31-30685DB47093}
		{7B65AD8E-FFFC-4AE8-88B7-4B3F82C82BC7} = {91B8585C-084E-4EC5-AA31-30685DB47093}
		{EF77193F-2CCD-4D37-8CF6-8849A228092A} = {91B8585C-084E-4EC5-AA31-30685DB47093}
		{C423C220-75D2-44A8-A4D5-3E9F34052E69} = {91B8585C-084E-4EC5-AA31-30685DB47093}
		{E4C2353C-E866-4197-A13B-3486E1BB2305} = {91B8585C-084E-4EC5-AA31-30685DB47093}
		{59E407E9-E8A5-4A5E-83A4-9D113CA21053} = {91B8585C-084E-4EC5-AA31-30685DB47093}
		{635CB0BA-BB75-49BC-BA86-582F0C170D3D} = {BD8AC141-4D3C-4263-93D4-286E2B3A0EAB}
		{E04CACBA-FE39-4AD4-817B-ED4DF9FA08E7} = {BD8AC141-4D3C-4263-93D4-286E2B3A0EAB}
		{99107E02-2FCA-45B9-9C5E-513F36CBB154} = {BD8AC141-4D3C-4263-93D4-286E2B3A0EAB}
		{64872C45-BA61-4973-A7B1-19586B19EFEE} = {BD8AC141-4D3C-4263-93D4-286E2B3A0EAB}
		{D351156D-46D2-436F-86BF-77959EF33DBE} = {BD8AC141-4D3C-4263-93D4-286E2B3A0EAB}
		{B451DA27-14EF-4B9F-B67F-430566C499D7} = {BD8AC141-4D3C-4263-93D4-286E2B3A0EAB}
		{0D83FB5D-B515-4065-B329-B25500107445} = {BD8AC141-4D3C-4263-93D4-286E2B3A0EAB}
		{911FCBD9-74D7-41D0-B23D-40FBCF6B20B0} = {1A640699-9CCC-4273-B737-01395AAE9CD0}
		{B4DB0487-D73F-463A-B47C-48E0AF12A559} = {1A640699-9CCC-4273-B737-01395AAE9CD0}
	EndGlobalSection
	GlobalSection(ExtensibilityGlobals) = postSolution
		SolutionGuid = {12DC8E9D-4628-4594-93FC-B7931ED9C68F}
	EndGlobalSection
EndGlobal
